
Microsoft Visual Studio Solution File, Format Version 12.00
# Visual Studio Version 17
VisualStudioVersion = 17.2.32616.157
MinimumVisualStudioVersion = 10.0.40219.1
Project("{9A19103F-16F7-4668-BE54-9A1E7A4F7556}") = "qbBot", "qbBot.csproj", "{D65C3477-6A66-4638-902C-499C198F4B07}"
EndProject
Global
	GlobalSection(SolutionConfigurationPlatforms) = preSolution
		Debug|Any CPU = Debug|Any CPU
		Release|Any CPU = Release|Any CPU
	EndGlobalSection
	GlobalSection(ProjectConfigurationPlatforms) = postSolution
		{D65C3477-6A66-4638-902C-499C198F4B07}.Debug|Any CPU.ActiveCfg = Debug|Any CPU
		{D65C3477-6A66-4638-902C-499C198F4B07}.Debug|Any CPU.Build.0 = Debug|Any CPU
		{D65C3477-6A66-4638-902C-499C198F4B07}.Release|Any CPU.ActiveCfg = Release|Any CPU
		{D65C3477-6A66-4638-902C-499C198F4B07}.Release|Any CPU.Build.0 = Release|Any CPU
	EndGlobalSection
	GlobalSection(SolutionProperties) = preSolution
		HideSolutionNode = FALSE
	EndGlobalSection
	GlobalSection(ExtensibilityGlobals) = postSolution
		SolutionGuid = {0EC94516-0777-4794-A8C2-A131EDDC90B7}
	EndGlobalSection
EndGlobal
